
Microsoft Visual Studio Solution File, Format Version 11.00
# Visual Studio 2010
Project("{FAE04EC0-301F-11D3-BF4B-00C04F79EFBC}") = "Starved for Light", "Assembly-CSharp-firstpass.csproj", "{ED2ECDC0-3A4A-4667-8D93-163DEDF2C801}"
EndProject
Project("{FAE04EC0-301F-11D3-BF4B-00C04F79EFBC}") = "Starved for Light", "Assembly-CSharp.csproj", "{1B2E1010-89E8-E506-CA2B-2E9E9FB142CA}"
EndProject
Project("{FAE04EC0-301F-11D3-BF4B-00C04F79EFBC}") = "Starved for Light", "Assembly-CSharp-Editor-firstpass.csproj", "{290AC2FC-CB82-5E51-8BA2-BAF7CB2BD8AE}"
EndProject
Project("{FAE04EC0-301F-11D3-BF4B-00C04F79EFBC}") = "Starved for Light", "Assembly-CSharp-Editor.csproj", "{30904DF3-4198-9EA7-8C01-E838F1122350}"
EndProject
Global
	GlobalSection(SolutionConfigurationPlatforms) = preSolution
		Debug|Any CPU = Debug|Any CPU
		Release|Any CPU = Release|Any CPU
	EndGlobalSection
	GlobalSection(ProjectConfigurationPlatforms) = postSolution
		{ED2ECDC0-3A4A-4667-8D93-163DEDF2C801}.Debug|Any CPU.ActiveCfg = Debug|Any CPU
		{ED2ECDC0-3A4A-4667-8D93-163DEDF2C801}.Debug|Any CPU.Build.0 = Debug|Any CPU
		{ED2ECDC0-3A4A-4667-8D93-163DEDF2C801}.Release|Any CPU.ActiveCfg = Release|Any CPU
		{ED2ECDC0-3A4A-4667-8D93-163DEDF2C801}.Release|Any CPU.Build.0 = Release|Any CPU
		{1B2E1010-89E8-E506-CA2B-2E9E9FB142CA}.Debug|Any CPU.ActiveCfg = Debug|Any CPU
		{1B2E1010-89E8-E506-CA2B-2E9E9FB142CA}.Debug|Any CPU.Build.0 = Debug|Any CPU
		{1B2E1010-89E8-E506-CA2B-2E9E9FB142CA}.Release|Any CPU.ActiveCfg = Release|Any CPU
		{1B2E1010-89E8-E506-CA2B-2E9E9FB142CA}.Release|Any CPU.Build.0 = Release|Any CPU
		{290AC2FC-CB82-5E51-8BA2-BAF7CB2BD8AE}.Debug|Any CPU.ActiveCfg = Debug|Any CPU
		{290AC2FC-CB82-5E51-8BA2-BAF7CB2BD8AE}.Debug|Any CPU.Build.0 = Debug|Any CPU
		{290AC2FC-CB82-5E51-8BA2-BAF7CB2BD8AE}.Release|Any CPU.ActiveCfg = Release|Any CPU
		{290AC2FC-CB82-5E51-8BA2-BAF7CB2BD8AE}.Release|Any CPU.Build.0 = Release|Any CPU
		{30904DF3-4198-9EA7-8C01-E838F1122350}.Debug|Any CPU.ActiveCfg = Debug|Any CPU
		{30904DF3-4198-9EA7-8C01-E838F1122350}.Debug|Any CPU.Build.0 = Debug|Any CPU
		{30904DF3-4198-9EA7-8C01-E838F1122350}.Release|Any CPU.ActiveCfg = Release|Any CPU
		{30904DF3-4198-9EA7-8C01-E838F1122350}.Release|Any CPU.Build.0 = Release|Any CPU
	EndGlobalSection
	GlobalSection(SolutionProperties) = preSolution
		HideSolutionNode = FALSE
	EndGlobalSection
	GlobalSection(MonoDevelopProperties) = preSolution
		StartupItem = Assembly-CSharp.csproj
	EndGlobalSection
EndGlobal
